
Microsoft Visual Studio Solution File, Format Version 12.00
# Visual Studio Version 16
VisualStudioVersion = 16.0.29418.71
MinimumVisualStudioVersion = 10.0.40219.1
Project("{FAE04EC0-301F-11D3-BF4B-00C04F79EFBC}") = "AppGraphQL", "AppGraphQL\AppGraphQL.csproj", "{CE74FA69-E01B-43FC-BA03-CA5D31099040}"
EndProject
Project("{FAE04EC0-301F-11D3-BF4B-00C04F79EFBC}") = "GraphQL.API", "ApiGraphQL\GraphQL.API.csproj", "{D3561CD2-B022-40DF-9F0A-F13D3F701D7D}"
EndProject
Project("{FAE04EC0-301F-11D3-BF4B-00C04F79EFBC}") = "GraphQL.Application", "GraphQL.Application\GraphQL.Application.csproj", "{FC36DE77-7EC1-466F-9826-45700D7AD148}"
EndProject
Project("{FAE04EC0-301F-11D3-BF4B-00C04F79EFBC}") = "GraphQL.Domain", "GraphQL.Domain\GraphQL.Domain.csproj", "{5FBB65F5-0307-42D2-B477-9D6DAAD99E13}"
EndProject
Project("{FAE04EC0-301F-11D3-BF4B-00C04F79EFBC}") = "GraphQL.Infrastructure", "GraphQL.Infrastructure\GraphQL.Infrastructure.csproj", "{F8AF36B1-1711-4955-ADC4-18D093939169}"
EndProject
Global
	GlobalSection(SolutionConfigurationPlatforms) = preSolution
		Debug|Any CPU = Debug|Any CPU
		Release|Any CPU = Release|Any CPU
	EndGlobalSection
	GlobalSection(ProjectConfigurationPlatforms) = postSolution
		{CE74FA69-E01B-43FC-BA03-CA5D31099040}.Debug|Any CPU.ActiveCfg = Debug|Any CPU
		{CE74FA69-E01B-43FC-BA03-CA5D31099040}.Debug|Any CPU.Build.0 = Debug|Any CPU
		{CE74FA69-E01B-43FC-BA03-CA5D31099040}.Release|Any CPU.ActiveCfg = Release|Any CPU
		{CE74FA69-E01B-43FC-BA03-CA5D31099040}.Release|Any CPU.Build.0 = Release|Any CPU
		{D3561CD2-B022-40DF-9F0A-F13D3F701D7D}.Debug|Any CPU.ActiveCfg = Debug|Any CPU
		{D3561CD2-B022-40DF-9F0A-F13D3F701D7D}.Debug|Any CPU.Build.0 = Debug|Any CPU
		{D3561CD2-B022-40DF-9F0A-F13D3F701D7D}.Release|Any CPU.ActiveCfg = Release|Any CPU
		{D3561CD2-B022-40DF-9F0A-F13D3F701D7D}.Release|Any CPU.Build.0 = Release|Any CPU
		{FC36DE77-7EC1-466F-9826-45700D7AD148}.Debug|Any CPU.ActiveCfg = Debug|Any CPU
		{FC36DE77-7EC1-466F-9826-45700D7AD148}.Debug|Any CPU.Build.0 = Debug|Any CPU
		{FC36DE77-7EC1-466F-9826-45700D7AD148}.Release|Any CPU.ActiveCfg = Release|Any CPU
		{FC36DE77-7EC1-466F-9826-45700D7AD148}.Release|Any CPU.Build.0 = Release|Any CPU
		{5FBB65F5-0307-42D2-B477-9D6DAAD99E13}.Debug|Any CPU.ActiveCfg = Debug|Any CPU
		{5FBB65F5-0307-42D2-B477-9D6DAAD99E13}.Debug|Any CPU.Build.0 = Debug|Any CPU
		{5FBB65F5-0307-42D2-B477-9D6DAAD99E13}.Release|Any CPU.ActiveCfg = Release|Any CPU
		{5FBB65F5-0307-42D2-B477-9D6DAAD99E13}.Release|Any CPU.Build.0 = Release|Any CPU
		{F8AF36B1-1711-4955-ADC4-18D093939169}.Debug|Any CPU.ActiveCfg = Debug|Any CPU
		{F8AF36B1-1711-4955-ADC4-18D093939169}.Debug|Any CPU.Build.0 = Debug|Any CPU
		{F8AF36B1-1711-4955-ADC4-18D093939169}.Release|Any CPU.ActiveCfg = Release|Any CPU
		{F8AF36B1-1711-4955-ADC4-18D093939169}.Release|Any CPU.Build.0 = Release|Any CPU
	EndGlobalSection
	GlobalSection(SolutionProperties) = preSolution
		HideSolutionNode = FALSE
	EndGlobalSection
	GlobalSection(ExtensibilityGlobals) = postSolution
		SolutionGuid = {EF12EAD4-DCFA-4AD3-A3E8-62E0010E0E14}
	EndGlobalSection
EndGlobal
